
Microsoft Visual Studio Solution File, Format Version 12.00
# Visual Studio Version 17
VisualStudioVersion = 17.12.35521.163
MinimumVisualStudioVersion = 10.0.40219.1
Project("{FAE04EC0-301F-11D3-BF4B-00C04F79EFBC}") = "AdvanceFileUpload.Domain", "AdvanceFileUpload.Domain\AdvanceFileUpload.Domain.csproj", "{E9034A2D-85D8-40FC-8284-5D71F4D14393}"
EndProject
Project("{FAE04EC0-301F-11D3-BF4B-00C04F79EFBC}") = "AdvanceFileUpload.Application", "AdvanceFileUpload.Application\AdvanceFileUpload.Application.csproj", "{384D3977-1295-4408-8B4B-751463AAF361}"
EndProject
Project("{FAE04EC0-301F-11D3-BF4B-00C04F79EFBC}") = "AdvanceFileUpload.Data", "AdvanceFileUpload.Data\AdvanceFileUpload.Data.csproj", "{425382CC-B5D4-4942-9119-DC50477E7C02}"
EndProject
Project("{FAE04EC0-301F-11D3-BF4B-00C04F79EFBC}") = "AdvanceFileUpload.Application.Shared", "AdvanceFileUpload.Application.Shared\AdvanceFileUpload.Application.Shared.csproj", "{80BC1A62-7687-461D-8300-89371B4091A7}"
EndProject
Project("{2150E333-8FDC-42A3-9474-1A3956D46DE8}") = "src", "src", "{EE0953CE-E6DB-406F-8DB9-666575FCB4BC}"
EndProject
Project("{FAE04EC0-301F-11D3-BF4B-00C04F79EFBC}") = "AdvanceFileUpload.Domain.Test", "AdvanceFileUpload.Domain.Test\AdvanceFileUpload.Domain.Test.csproj", "{B27B7B26-1E60-4F95-8DF1-DE050D9F3C78}"
EndProject
Project("{FAE04EC0-301F-11D3-BF4B-00C04F79EFBC}") = "AdvanceFileUpload.API", "AdvanceFileUpload.API\AdvanceFileUpload.API.csproj", "{37FAFAE6-19D6-4E2A-9885-DC8BF904F77B}"
EndProject
Project("{2150E333-8FDC-42A3-9474-1A3956D46DE8}") = "solutionItems", "solutionItems", "{02EA681E-C7D8-13C7-8484-4AC65E1B71E8}"
	ProjectSection(SolutionItems) = preProject
		SequenceDigramUML.txt = SequenceDigramUML.txt
	EndProjectSection
EndProject
Project("{FAE04EC0-301F-11D3-BF4B-00C04F79EFBC}") = "AdvanceFileUpload.Client", "AdvanceFileUpload.Client\AdvanceFileUpload.Client.csproj", "{2D237DE8-9E2D-4D79-B4D1-A38E2926790F}"
EndProject
Project("{FAE04EC0-301F-11D3-BF4B-00C04F79EFBC}") = "AdvanceFileUpload.Client.Test", "AdvanceFileUpload.Client.Test\AdvanceFileUpload.Client.Test.csproj", "{976BF437-D70A-4F87-9D70-DB9C9486BC9D}"
EndProject
Project("{FAE04EC0-301F-11D3-BF4B-00C04F79EFBC}") = "AdvanceFileUpload.Benchmark", "AdvanceFileUpload.Benchmark\AdvanceFileUpload.Benchmark.csproj", "{03418B12-53F3-40E9-B6A8-64AE99BC5556}"
EndProject
Project("{FAE04EC0-301F-11D3-BF4B-00C04F79EFBC}") = "AdvanceFileUpload.Integration.Contracts", "AdvanceFileUpload.Integration.Contracts\AdvanceFileUpload.Integration.Contracts.csproj", "{3E4E697E-D3C9-4C14-B836-05268217F5FB}"
EndProject
Global
	GlobalSection(SolutionConfigurationPlatforms) = preSolution
		Debug|Any CPU = Debug|Any CPU
		Release|Any CPU = Release|Any CPU
	EndGlobalSection
	GlobalSection(ProjectConfigurationPlatforms) = postSolution
		{E9034A2D-85D8-40FC-8284-5D71F4D14393}.Debug|Any CPU.ActiveCfg = Debug|Any CPU
		{E9034A2D-85D8-40FC-8284-5D71F4D14393}.Debug|Any CPU.Build.0 = Debug|Any CPU
		{E9034A2D-85D8-40FC-8284-5D71F4D14393}.Release|Any CPU.ActiveCfg = Release|Any CPU
		{E9034A2D-85D8-40FC-8284-5D71F4D14393}.Release|Any CPU.Build.0 = Release|Any CPU
		{384D3977-1295-4408-8B4B-751463AAF361}.Debug|Any CPU.ActiveCfg = Debug|Any CPU
		{384D3977-1295-4408-8B4B-751463AAF361}.Debug|Any CPU.Build.0 = Debug|Any CPU
		{384D3977-1295-4408-8B4B-751463AAF361}.Release|Any CPU.ActiveCfg = Release|Any CPU
		{384D3977-1295-4408-8B4B-751463AAF361}.Release|Any CPU.Build.0 = Release|Any CPU
		{425382CC-B5D4-4942-9119-DC50477E7C02}.Debug|Any CPU.ActiveCfg = Debug|Any CPU
		{425382CC-B5D4-4942-9119-DC50477E7C02}.Debug|Any CPU.Build.0 = Debug|Any CPU
		{425382CC-B5D4-4942-9119-DC50477E7C02}.Release|Any CPU.ActiveCfg = Release|Any CPU
		{425382CC-B5D4-4942-9119-DC50477E7C02}.Release|Any CPU.Build.0 = Release|Any CPU
		{80BC1A62-7687-461D-8300-89371B4091A7}.Debug|Any CPU.ActiveCfg = Debug|Any CPU
		{80BC1A62-7687-461D-8300-89371B4091A7}.Debug|Any CPU.Build.0 = Debug|Any CPU
		{80BC1A62-7687-461D-8300-89371B4091A7}.Release|Any CPU.ActiveCfg = Release|Any CPU
		{80BC1A62-7687-461D-8300-89371B4091A7}.Release|Any CPU.Build.0 = Release|Any CPU
		{B27B7B26-1E60-4F95-8DF1-DE050D9F3C78}.Debug|Any CPU.ActiveCfg = Debug|Any CPU
		{B27B7B26-1E60-4F95-8DF1-DE050D9F3C78}.Debug|Any CPU.Build.0 = Debug|Any CPU
		{B27B7B26-1E60-4F95-8DF1-DE050D9F3C78}.Release|Any CPU.ActiveCfg = Release|Any CPU
		{B27B7B26-1E60-4F95-8DF1-DE050D9F3C78}.Release|Any CPU.Build.0 = Release|Any CPU
		{37FAFAE6-19D6-4E2A-9885-DC8BF904F77B}.Debug|Any CPU.ActiveCfg = Debug|Any CPU
		{37FAFAE6-19D6-4E2A-9885-DC8BF904F77B}.Debug|Any CPU.Build.0 = Debug|Any CPU
		{37FAFAE6-19D6-4E2A-9885-DC8BF904F77B}.Release|Any CPU.ActiveCfg = Release|Any CPU
		{37FAFAE6-19D6-4E2A-9885-DC8BF904F77B}.Release|Any CPU.Build.0 = Release|Any CPU
		{2D237DE8-9E2D-4D79-B4D1-A38E2926790F}.Debug|Any CPU.ActiveCfg = Debug|Any CPU
		{2D237DE8-9E2D-4D79-B4D1-A38E2926790F}.Debug|Any CPU.Build.0 = Debug|Any CPU
		{2D237DE8-9E2D-4D79-B4D1-A38E2926790F}.Release|Any CPU.ActiveCfg = Release|Any CPU
		{2D237DE8-9E2D-4D79-B4D1-A38E2926790F}.Release|Any CPU.Build.0 = Release|Any CPU
		{976BF437-D70A-4F87-9D70-DB9C9486BC9D}.Debug|Any CPU.ActiveCfg = Debug|Any CPU
		{976BF437-D70A-4F87-9D70-DB9C9486BC9D}.Debug|Any CPU.Build.0 = Debug|Any CPU
		{976BF437-D70A-4F87-9D70-DB9C9486BC9D}.Release|Any CPU.ActiveCfg = Release|Any CPU
		{976BF437-D70A-4F87-9D70-DB9C9486BC9D}.Release|Any CPU.Build.0 = Release|Any CPU
		{03418B12-53F3-40E9-B6A8-64AE99BC5556}.Debug|Any CPU.ActiveCfg = Debug|Any CPU
		{03418B12-53F3-40E9-B6A8-64AE99BC5556}.Debug|Any CPU.Build.0 = Debug|Any CPU
		{03418B12-53F3-40E9-B6A8-64AE99BC5556}.Release|Any CPU.ActiveCfg = Release|Any CPU
		{03418B12-53F3-40E9-B6A8-64AE99BC5556}.Release|Any CPU.Build.0 = Release|Any CPU
		{3E4E697E-D3C9-4C14-B836-05268217F5FB}.Debug|Any CPU.ActiveCfg = Debug|Any CPU
		{3E4E697E-D3C9-4C14-B836-05268217F5FB}.Debug|Any CPU.Build.0 = Debug|Any CPU
		{3E4E697E-D3C9-4C14-B836-05268217F5FB}.Release|Any CPU.ActiveCfg = Release|Any CPU
		{3E4E697E-D3C9-4C14-B836-05268217F5FB}.Release|Any CPU.Build.0 = Release|Any CPU
	EndGlobalSection
	GlobalSection(SolutionProperties) = preSolution
		HideSolutionNode = FALSE
	EndGlobalSection
	GlobalSection(NestedProjects) = preSolution
		{E9034A2D-85D8-40FC-8284-5D71F4D14393} = {EE0953CE-E6DB-406F-8DB9-666575FCB4BC}
		{384D3977-1295-4408-8B4B-751463AAF361} = {EE0953CE-E6DB-406F-8DB9-666575FCB4BC}
		{425382CC-B5D4-4942-9119-DC50477E7C02} = {EE0953CE-E6DB-406F-8DB9-666575FCB4BC}
		{80BC1A62-7687-461D-8300-89371B4091A7} = {EE0953CE-E6DB-406F-8DB9-666575FCB4BC}
		{B27B7B26-1E60-4F95-8DF1-DE050D9F3C78} = {EE0953CE-E6DB-406F-8DB9-666575FCB4BC}
		{37FAFAE6-19D6-4E2A-9885-DC8BF904F77B} = {EE0953CE-E6DB-406F-8DB9-666575FCB4BC}
		{2D237DE8-9E2D-4D79-B4D1-A38E2926790F} = {EE0953CE-E6DB-406F-8DB9-666575FCB4BC}
		{976BF437-D70A-4F87-9D70-DB9C9486BC9D} = {EE0953CE-E6DB-406F-8DB9-666575FCB4BC}
		{03418B12-53F3-40E9-B6A8-64AE99BC5556} = {EE0953CE-E6DB-406F-8DB9-666575FCB4BC}
		{3E4E697E-D3C9-4C14-B836-05268217F5FB} = {EE0953CE-E6DB-406F-8DB9-666575FCB4BC}
	EndGlobalSection
	GlobalSection(ExtensibilityGlobals) = postSolution
		SolutionGuid = {4BB3F95F-401F-47D1-BB2B-96920C0B2BB5}
	EndGlobalSection
EndGlobal
